{
  "name": "codechain-truffle",
  "lockfileVersion": 2,
  "requires": true,
  "packages": {
    "": {
      "dependencies": {
<<<<<<< HEAD
        "@openzeppelin/contracts": "^4.2.0"
      }
    },
    "node_modules/@openzeppelin/contracts": {
      "version": "4.2.0",
      "resolved": "https://registry.npmjs.org/@openzeppelin/contracts/-/contracts-4.2.0.tgz",
      "integrity": "sha512-LD4NnkKpHHSMo5z9MvFsG4g1xxZUDqV3A3Futu3nvyfs4wPwXxqOgMaxOoa2PeyGL2VNeSlbxT54enbQzGcgJQ=="
=======
        "@openzeppelin/contracts": "^2.3.0"
      }
    },
    "node_modules/@openzeppelin/contracts": {
      "version": "2.3.0",
      "resolved": "https://registry.npmjs.org/@openzeppelin/contracts/-/contracts-2.3.0.tgz",
      "integrity": "sha512-lf8C3oULQAnsu3OTRP4tP5/ddfil6l65Lg3JQCwAIgc99vZ1jz5qeBoETGGGmczxt+bIyMI06WPP2apC74EZag=="
>>>>>>> 44bcd5ff76adea737eff041aeb2d0afaa2dd7495
    }
  },
  "dependencies": {
    "@openzeppelin/contracts": {
<<<<<<< HEAD
      "version": "4.2.0",
      "resolved": "https://registry.npmjs.org/@openzeppelin/contracts/-/contracts-4.2.0.tgz",
      "integrity": "sha512-LD4NnkKpHHSMo5z9MvFsG4g1xxZUDqV3A3Futu3nvyfs4wPwXxqOgMaxOoa2PeyGL2VNeSlbxT54enbQzGcgJQ=="
=======
      "version": "2.3.0",
      "resolved": "https://registry.npmjs.org/@openzeppelin/contracts/-/contracts-2.3.0.tgz",
      "integrity": "sha512-lf8C3oULQAnsu3OTRP4tP5/ddfil6l65Lg3JQCwAIgc99vZ1jz5qeBoETGGGmczxt+bIyMI06WPP2apC74EZag=="
>>>>>>> 44bcd5ff76adea737eff041aeb2d0afaa2dd7495
    }
  }
}
